
Microsoft Visual Studio Solution File, Format Version 12.00
# Visual Studio Version 16
VisualStudioVersion = 16.0.31410.357
MinimumVisualStudioVersion = 10.0.40219.1
Project("{9A19103F-16F7-4668-BE54-9A1E7A4F7556}") = "Poll Simulator", "Poll Simulator\Poll Simulator.csproj", "{4DA3DCE3-6D3D-4826-B4FE-BF43CCAC99D0}"
EndProject
Global
	GlobalSection(SolutionConfigurationPlatforms) = preSolution
		Debug|Any CPU = Debug|Any CPU
		Release|Any CPU = Release|Any CPU
	EndGlobalSection
	GlobalSection(ProjectConfigurationPlatforms) = postSolution
		{4DA3DCE3-6D3D-4826-B4FE-BF43CCAC99D0}.Debug|Any CPU.ActiveCfg = Debug|Any CPU
		{4DA3DCE3-6D3D-4826-B4FE-BF43CCAC99D0}.Debug|Any CPU.Build.0 = Debug|Any CPU
		{4DA3DCE3-6D3D-4826-B4FE-BF43CCAC99D0}.Release|Any CPU.ActiveCfg = Release|Any CPU
		{4DA3DCE3-6D3D-4826-B4FE-BF43CCAC99D0}.Release|Any CPU.Build.0 = Release|Any CPU
	EndGlobalSection
	GlobalSection(SolutionProperties) = preSolution
		HideSolutionNode = FALSE
	EndGlobalSection
	GlobalSection(ExtensibilityGlobals) = postSolution
		SolutionGuid = {7BC2179C-49F0-4B18-91AF-28772238CFE1}
	EndGlobalSection
EndGlobal
